
Microsoft Visual Studio Solution File, Format Version 10.00
# Visual Studio 2008
Project("{8BC9CEB8-8B4A-11D0-8D11-00A0C91BC942}") = "vampire", "vampire.vcproj", "{88902C89-05A7-4BA6-82E1-F2732F745902}"
EndProject
Global
	GlobalSection(SolutionConfigurationPlatforms) = preSolution
		Debug|Win32 = Debug|Win32
		Release|Win32 = Release|Win32
	EndGlobalSection
	GlobalSection(ProjectConfigurationPlatforms) = postSolution
		{88902C89-05A7-4BA6-82E1-F2732F745902}.Debug|Win32.ActiveCfg = Debug|Win32
		{88902C89-05A7-4BA6-82E1-F2732F745902}.Debug|Win32.Build.0 = Debug|Win32
		{88902C89-05A7-4BA6-82E1-F2732F745902}.Release|Win32.ActiveCfg = Release|Win32
		{88902C89-05A7-4BA6-82E1-F2732F745902}.Release|Win32.Build.0 = Release|Win32
	EndGlobalSection
	GlobalSection(SolutionProperties) = preSolution
		HideSolutionNode = FALSE
	EndGlobalSection
EndGlobal
